
Microsoft Visual Studio Solution File, Format Version 12.00
# Visual Studio Version 17
VisualStudioVersion = 17.13.35931.197 d17.13
MinimumVisualStudioVersion = 10.0.40219.1
Project("{8BC9CEB8-8B4A-11D0-8D11-00A0C91BC942}") = "probleme 11", "probleme 11.vcxproj", "{F959A67F-CE45-45CD-BB80-AC61AD3C751C}"
EndProject
Global
	GlobalSection(SolutionConfigurationPlatforms) = preSolution
		Debug|x64 = Debug|x64
		Debug|x86 = Debug|x86
		Release|x64 = Release|x64
		Release|x86 = Release|x86
	EndGlobalSection
	GlobalSection(ProjectConfigurationPlatforms) = postSolution
		{F959A67F-CE45-45CD-BB80-AC61AD3C751C}.Debug|x64.ActiveCfg = Debug|x64
		{F959A67F-CE45-45CD-BB80-AC61AD3C751C}.Debug|x64.Build.0 = Debug|x64
		{F959A67F-CE45-45CD-BB80-AC61AD3C751C}.Debug|x86.ActiveCfg = Debug|Win32
		{F959A67F-CE45-45CD-BB80-AC61AD3C751C}.Debug|x86.Build.0 = Debug|Win32
		{F959A67F-CE45-45CD-BB80-AC61AD3C751C}.Release|x64.ActiveCfg = Release|x64
		{F959A67F-CE45-45CD-BB80-AC61AD3C751C}.Release|x64.Build.0 = Release|x64
		{F959A67F-CE45-45CD-BB80-AC61AD3C751C}.Release|x86.ActiveCfg = Release|Win32
		{F959A67F-CE45-45CD-BB80-AC61AD3C751C}.Release|x86.Build.0 = Release|Win32
	EndGlobalSection
	GlobalSection(SolutionProperties) = preSolution
		HideSolutionNode = FALSE
	EndGlobalSection
	GlobalSection(ExtensibilityGlobals) = postSolution
		SolutionGuid = {F0CBBFA1-7FAA-4E64-BF68-B7971E51933C}
	EndGlobalSection
EndGlobal
