
Microsoft Visual Studio Solution File, Format Version 12.00
# Visual Studio Version 17
VisualStudioVersion = 17.14.36221.1 d17.14
MinimumVisualStudioVersion = 10.0.40219.1
Project("{8BC9CEB8-8B4A-11D0-8D11-00A0C91BC942}") = "Problem 51", "Problem 51.vcxproj", "{31921112-2997-4F0F-80B4-86152179B750}"
EndProject
Global
	GlobalSection(SolutionConfigurationPlatforms) = preSolution
		Debug|x64 = Debug|x64
		Debug|x86 = Debug|x86
		Release|x64 = Release|x64
		Release|x86 = Release|x86
	EndGlobalSection
	GlobalSection(ProjectConfigurationPlatforms) = postSolution
		{31921112-2997-4F0F-80B4-86152179B750}.Debug|x64.ActiveCfg = Debug|x64
		{31921112-2997-4F0F-80B4-86152179B750}.Debug|x64.Build.0 = Debug|x64
		{31921112-2997-4F0F-80B4-86152179B750}.Debug|x86.ActiveCfg = Debug|Win32
		{31921112-2997-4F0F-80B4-86152179B750}.Debug|x86.Build.0 = Debug|Win32
		{31921112-2997-4F0F-80B4-86152179B750}.Release|x64.ActiveCfg = Release|x64
		{31921112-2997-4F0F-80B4-86152179B750}.Release|x64.Build.0 = Release|x64
		{31921112-2997-4F0F-80B4-86152179B750}.Release|x86.ActiveCfg = Release|Win32
		{31921112-2997-4F0F-80B4-86152179B750}.Release|x86.Build.0 = Release|Win32
	EndGlobalSection
	GlobalSection(SolutionProperties) = preSolution
		HideSolutionNode = FALSE
	EndGlobalSection
	GlobalSection(ExtensibilityGlobals) = postSolution
		SolutionGuid = {0626E5E0-770A-448F-B277-6AD31C2403B4}
	EndGlobalSection
EndGlobal
